
Microsoft Visual Studio Solution File, Format Version 12.00
Project("{FAE04EC0-301F-11D3-BF4B-00C04F79EFBC}") = "MqttServerWeb", "MqttServerWeb.csproj", "{51EBBF06-D0FD-4018-843D-6D0E4BF6F561}"
EndProject
Global
	GlobalSection(SolutionConfigurationPlatforms) = preSolution
		Debug|Any CPU = Debug|Any CPU
		Release|Any CPU = Release|Any CPU
	EndGlobalSection
	GlobalSection(ProjectConfigurationPlatforms) = postSolution
		{51EBBF06-D0FD-4018-843D-6D0E4BF6F561}.Debug|Any CPU.ActiveCfg = Debug|Any CPU
		{51EBBF06-D0FD-4018-843D-6D0E4BF6F561}.Debug|Any CPU.Build.0 = Debug|Any CPU
		{51EBBF06-D0FD-4018-843D-6D0E4BF6F561}.Release|Any CPU.ActiveCfg = Release|Any CPU
		{51EBBF06-D0FD-4018-843D-6D0E4BF6F561}.Release|Any CPU.Build.0 = Release|Any CPU
	EndGlobalSection
EndGlobal
